
Microsoft Visual Studio Solution File, Format Version 12.00
# Visual Studio 15
VisualStudioVersion = 15.0.28010.2046
MinimumVisualStudioVersion = 10.0.40219.1
Project("{FAE04EC0-301F-11D3-BF4B-00C04F79EFBC}") = "Labs", "Labs\Labs.csproj", "{8C253B51-2292-4B10-84D5-28E51F787260}"
EndProject
Global
	GlobalSection(SolutionConfigurationPlatforms) = preSolution
		Debug|Any CPU = Debug|Any CPU
		Release|Any CPU = Release|Any CPU
	EndGlobalSection
	GlobalSection(ProjectConfigurationPlatforms) = postSolution
		{8C253B51-2292-4B10-84D5-28E51F787260}.Debug|Any CPU.ActiveCfg = Debug|Any CPU
		{8C253B51-2292-4B10-84D5-28E51F787260}.Debug|Any CPU.Build.0 = Debug|Any CPU
		{8C253B51-2292-4B10-84D5-28E51F787260}.Release|Any CPU.ActiveCfg = Release|Any CPU
		{8C253B51-2292-4B10-84D5-28E51F787260}.Release|Any CPU.Build.0 = Release|Any CPU
	EndGlobalSection
	GlobalSection(SolutionProperties) = preSolution
		HideSolutionNode = FALSE
	EndGlobalSection
	GlobalSection(ExtensibilityGlobals) = postSolution
		SolutionGuid = {B27C6600-B6AA-4C68-9AB9-EA5FF5DEF0B3}
	EndGlobalSection
EndGlobal
